
Microsoft Visual Studio Solution File, Format Version 12.00
# Visual Studio 15
VisualStudioVersion = 15.0.26228.9
MinimumVisualStudioVersion = 10.0.40219.1
Project("{FAE04EC0-301F-11D3-BF4B-00C04F79EFBC}") = "RPS_Server", "RPS_Server\RPS_Server.csproj", "{494113D4-D981-45B0-98D1-0A340B0CBD7D}"
EndProject
Project("{FAE04EC0-301F-11D3-BF4B-00C04F79EFBC}") = "RPS_Client", "RPS_Client\RPS_Client.csproj", "{FC6196A1-9199-4D70-993B-B715631D2018}"
EndProject
Global
	GlobalSection(SolutionConfigurationPlatforms) = preSolution
		Debug|Any CPU = Debug|Any CPU
		Release|Any CPU = Release|Any CPU
	EndGlobalSection
	GlobalSection(ProjectConfigurationPlatforms) = postSolution
		{494113D4-D981-45B0-98D1-0A340B0CBD7D}.Debug|Any CPU.ActiveCfg = Debug|Any CPU
		{494113D4-D981-45B0-98D1-0A340B0CBD7D}.Debug|Any CPU.Build.0 = Debug|Any CPU
		{494113D4-D981-45B0-98D1-0A340B0CBD7D}.Release|Any CPU.ActiveCfg = Release|Any CPU
		{494113D4-D981-45B0-98D1-0A340B0CBD7D}.Release|Any CPU.Build.0 = Release|Any CPU
		{FC6196A1-9199-4D70-993B-B715631D2018}.Debug|Any CPU.ActiveCfg = Debug|Any CPU
		{FC6196A1-9199-4D70-993B-B715631D2018}.Debug|Any CPU.Build.0 = Debug|Any CPU
		{FC6196A1-9199-4D70-993B-B715631D2018}.Release|Any CPU.ActiveCfg = Release|Any CPU
		{FC6196A1-9199-4D70-993B-B715631D2018}.Release|Any CPU.Build.0 = Release|Any CPU
	EndGlobalSection
	GlobalSection(SolutionProperties) = preSolution
		HideSolutionNode = FALSE
	EndGlobalSection
EndGlobal
