
Microsoft Visual Studio Solution File, Format Version 12.00
# Visual Studio 15
VisualStudioVersion = 15.0.26228.9
MinimumVisualStudioVersion = 10.0.40219.1
Project("{FAE04EC0-301F-11D3-BF4B-00C04F79EFBC}") = "Bai1", "Bai1\Bai1.csproj", "{1F0713EB-FC39-4968-BA8C-028AD2FD6096}"
EndProject
Project("{FAE04EC0-301F-11D3-BF4B-00C04F79EFBC}") = "Bai2", "Bai2\Bai2.csproj", "{E6AA9CB7-F37E-4A1A-AA85-2882E9DFEE32}"
EndProject
Project("{2150E333-8FDC-42A3-9474-1A3956D46DE8}") = "Bai3", "Bai3", "{8DCDE886-F2B1-458E-BF8D-973DC1864204}"
EndProject
Project("{FAE04EC0-301F-11D3-BF4B-00C04F79EFBC}") = "Bai3Server", "Bai3Server\Bai3Server.csproj", "{B2FB6630-613C-4FB8-BCDC-1042E85CF302}"
EndProject
Project("{FAE04EC0-301F-11D3-BF4B-00C04F79EFBC}") = "Bai3Client", "Bai3Client\Bai3Client.csproj", "{33FE7C98-EF3B-4C8E-B8C6-853A609AE88B}"
EndProject
Project("{2150E333-8FDC-42A3-9474-1A3956D46DE8}") = "Bai4", "Bai4", "{ECB3F527-529A-4186-B501-35BEE630004D}"
EndProject
Project("{FAE04EC0-301F-11D3-BF4B-00C04F79EFBC}") = "Bai4Server", "Bai4Server\Bai4Server.csproj", "{BD02655B-79D4-42C8-BC38-9349B8956748}"
EndProject
Project("{FAE04EC0-301F-11D3-BF4B-00C04F79EFBC}") = "Bai4Client", "Bai4Client\Bai4Client.csproj", "{6CDF1C01-4672-49D4-9532-C0AE15972293}"
EndProject
Global
	GlobalSection(SolutionConfigurationPlatforms) = preSolution
		Debug|Any CPU = Debug|Any CPU
		Release|Any CPU = Release|Any CPU
	EndGlobalSection
	GlobalSection(ProjectConfigurationPlatforms) = postSolution
		{1F0713EB-FC39-4968-BA8C-028AD2FD6096}.Debug|Any CPU.ActiveCfg = Debug|Any CPU
		{1F0713EB-FC39-4968-BA8C-028AD2FD6096}.Debug|Any CPU.Build.0 = Debug|Any CPU
		{1F0713EB-FC39-4968-BA8C-028AD2FD6096}.Release|Any CPU.ActiveCfg = Release|Any CPU
		{1F0713EB-FC39-4968-BA8C-028AD2FD6096}.Release|Any CPU.Build.0 = Release|Any CPU
		{E6AA9CB7-F37E-4A1A-AA85-2882E9DFEE32}.Debug|Any CPU.ActiveCfg = Debug|Any CPU
		{E6AA9CB7-F37E-4A1A-AA85-2882E9DFEE32}.Debug|Any CPU.Build.0 = Debug|Any CPU
		{E6AA9CB7-F37E-4A1A-AA85-2882E9DFEE32}.Release|Any CPU.ActiveCfg = Release|Any CPU
		{E6AA9CB7-F37E-4A1A-AA85-2882E9DFEE32}.Release|Any CPU.Build.0 = Release|Any CPU
		{B2FB6630-613C-4FB8-BCDC-1042E85CF302}.Debug|Any CPU.ActiveCfg = Debug|Any CPU
		{B2FB6630-613C-4FB8-BCDC-1042E85CF302}.Debug|Any CPU.Build.0 = Debug|Any CPU
		{B2FB6630-613C-4FB8-BCDC-1042E85CF302}.Release|Any CPU.ActiveCfg = Release|Any CPU
		{B2FB6630-613C-4FB8-BCDC-1042E85CF302}.Release|Any CPU.Build.0 = Release|Any CPU
		{33FE7C98-EF3B-4C8E-B8C6-853A609AE88B}.Debug|Any CPU.ActiveCfg = Debug|Any CPU
		{33FE7C98-EF3B-4C8E-B8C6-853A609AE88B}.Debug|Any CPU.Build.0 = Debug|Any CPU
		{33FE7C98-EF3B-4C8E-B8C6-853A609AE88B}.Release|Any CPU.ActiveCfg = Release|Any CPU
		{33FE7C98-EF3B-4C8E-B8C6-853A609AE88B}.Release|Any CPU.Build.0 = Release|Any CPU
		{BD02655B-79D4-42C8-BC38-9349B8956748}.Debug|Any CPU.ActiveCfg = Debug|Any CPU
		{BD02655B-79D4-42C8-BC38-9349B8956748}.Debug|Any CPU.Build.0 = Debug|Any CPU
		{BD02655B-79D4-42C8-BC38-9349B8956748}.Release|Any CPU.ActiveCfg = Release|Any CPU
		{BD02655B-79D4-42C8-BC38-9349B8956748}.Release|Any CPU.Build.0 = Release|Any CPU
		{6CDF1C01-4672-49D4-9532-C0AE15972293}.Debug|Any CPU.ActiveCfg = Debug|Any CPU
		{6CDF1C01-4672-49D4-9532-C0AE15972293}.Debug|Any CPU.Build.0 = Debug|Any CPU
		{6CDF1C01-4672-49D4-9532-C0AE15972293}.Release|Any CPU.ActiveCfg = Release|Any CPU
		{6CDF1C01-4672-49D4-9532-C0AE15972293}.Release|Any CPU.Build.0 = Release|Any CPU
	EndGlobalSection
	GlobalSection(SolutionProperties) = preSolution
		HideSolutionNode = FALSE
	EndGlobalSection
	GlobalSection(NestedProjects) = preSolution
		{B2FB6630-613C-4FB8-BCDC-1042E85CF302} = {8DCDE886-F2B1-458E-BF8D-973DC1864204}
		{33FE7C98-EF3B-4C8E-B8C6-853A609AE88B} = {8DCDE886-F2B1-458E-BF8D-973DC1864204}
		{BD02655B-79D4-42C8-BC38-9349B8956748} = {ECB3F527-529A-4186-B501-35BEE630004D}
		{6CDF1C01-4672-49D4-9532-C0AE15972293} = {ECB3F527-529A-4186-B501-35BEE630004D}
	EndGlobalSection
EndGlobal
