
Microsoft Visual Studio Solution File, Format Version 12.00
# Visual Studio 15
VisualStudioVersion = 15.0.27004.2002
MinimumVisualStudioVersion = 10.0.40219.1
Project("{FAE04EC0-301F-11D3-BF4B-00C04F79EFBC}") = "LoginClient", "D:\visual studio 2017\Projects\Bai-Tap-Lap-Trinh-Mang-HUFLIT\LeQuangMinh_buoi6\LoginClient\LoginClient.csproj", "{1E1C94E5-774F-45F3-BC29-589E37EAD37B}"
EndProject
Project("{FAE04EC0-301F-11D3-BF4B-00C04F79EFBC}") = "LoginServer", "D:\visual studio 2017\Projects\Bai-Tap-Lap-Trinh-Mang-HUFLIT\LeQuangMinh_buoi6\LoginServer\LoginServer.csproj", "{473F5D84-AD15-4E26-B6A1-5C5FCD057DC3}"
EndProject
Project("{FAE04EC0-301F-11D3-BF4B-00C04F79EFBC}") = "SumArrayClient", "D:\visual studio 2017\Projects\Bai-Tap-Lap-Trinh-Mang-HUFLIT\LeQuangMinh_buoi6\SumArrayClient\SumArrayClient.csproj", "{7F1D851B-C26C-4141-B29D-02AF4F98F9A8}"
EndProject
Project("{FAE04EC0-301F-11D3-BF4B-00C04F79EFBC}") = "SumArrayServer", "D:\visual studio 2017\Projects\Bai-Tap-Lap-Trinh-Mang-HUFLIT\LeQuangMinh_buoi6\SumArrayServer\SumArrayServer.csproj", "{E14188B1-127F-427F-B219-733597F42DC5}"
EndProject
Global
	GlobalSection(SolutionConfigurationPlatforms) = preSolution
		Debug|Any CPU = Debug|Any CPU
		Release|Any CPU = Release|Any CPU
	EndGlobalSection
	GlobalSection(ProjectConfigurationPlatforms) = postSolution
		{1E1C94E5-774F-45F3-BC29-589E37EAD37B}.Debug|Any CPU.ActiveCfg = Debug|Any CPU
		{1E1C94E5-774F-45F3-BC29-589E37EAD37B}.Debug|Any CPU.Build.0 = Debug|Any CPU
		{1E1C94E5-774F-45F3-BC29-589E37EAD37B}.Release|Any CPU.ActiveCfg = Release|Any CPU
		{1E1C94E5-774F-45F3-BC29-589E37EAD37B}.Release|Any CPU.Build.0 = Release|Any CPU
		{473F5D84-AD15-4E26-B6A1-5C5FCD057DC3}.Debug|Any CPU.ActiveCfg = Debug|Any CPU
		{473F5D84-AD15-4E26-B6A1-5C5FCD057DC3}.Debug|Any CPU.Build.0 = Debug|Any CPU
		{473F5D84-AD15-4E26-B6A1-5C5FCD057DC3}.Release|Any CPU.ActiveCfg = Release|Any CPU
		{473F5D84-AD15-4E26-B6A1-5C5FCD057DC3}.Release|Any CPU.Build.0 = Release|Any CPU
		{7F1D851B-C26C-4141-B29D-02AF4F98F9A8}.Debug|Any CPU.ActiveCfg = Debug|Any CPU
		{7F1D851B-C26C-4141-B29D-02AF4F98F9A8}.Debug|Any CPU.Build.0 = Debug|Any CPU
		{7F1D851B-C26C-4141-B29D-02AF4F98F9A8}.Release|Any CPU.ActiveCfg = Release|Any CPU
		{7F1D851B-C26C-4141-B29D-02AF4F98F9A8}.Release|Any CPU.Build.0 = Release|Any CPU
		{E14188B1-127F-427F-B219-733597F42DC5}.Debug|Any CPU.ActiveCfg = Debug|Any CPU
		{E14188B1-127F-427F-B219-733597F42DC5}.Debug|Any CPU.Build.0 = Debug|Any CPU
		{E14188B1-127F-427F-B219-733597F42DC5}.Release|Any CPU.ActiveCfg = Release|Any CPU
		{E14188B1-127F-427F-B219-733597F42DC5}.Release|Any CPU.Build.0 = Release|Any CPU
	EndGlobalSection
	GlobalSection(SolutionProperties) = preSolution
		HideSolutionNode = FALSE
	EndGlobalSection
	GlobalSection(ExtensibilityGlobals) = postSolution
		SolutionGuid = {F6751523-92BA-4872-A40F-A5712A4DEE5D}
	EndGlobalSection
EndGlobal
