
Microsoft Visual Studio Solution File, Format Version 12.00
# Visual Studio 15
VisualStudioVersion = 15.0.27004.2002
MinimumVisualStudioVersion = 10.0.40219.1
Project("{FAE04EC0-301F-11D3-BF4B-00C04F79EFBC}") = "PortUDPServer", "PortUDPServer\PortUDPServer.csproj", "{7DA66E66-82AD-4D1E-B55B-1D7B084AA341}"
EndProject
Project("{FAE04EC0-301F-11D3-BF4B-00C04F79EFBC}") = "PortUDPClient", "PortUDPClient\PortUDPClient.csproj", "{B2002530-5EA7-49A5-8346-FC6AA0BC0EA3}"
EndProject
Project("{2150E333-8FDC-42A3-9474-1A3956D46DE8}") = "b1", "b1", "{E0511944-2CAD-43FD-B381-8063B95500F1}"
EndProject
Project("{2150E333-8FDC-42A3-9474-1A3956D46DE8}") = "b2", "b2", "{5B9DAF67-B94B-47C2-880C-B5B0BE5CD653}"
EndProject
Project("{FAE04EC0-301F-11D3-BF4B-00C04F79EFBC}") = "DHCPServer", "DHCPServer\DHCPServer.csproj", "{E3F81ABF-871D-4E6B-9AB6-47014B125240}"
EndProject
Project("{FAE04EC0-301F-11D3-BF4B-00C04F79EFBC}") = "DHCPClient", "DHCPClient\DHCPClient.csproj", "{F850E9C8-5904-479C-9E53-674D97E5F1A4}"
EndProject
Project("{2150E333-8FDC-42A3-9474-1A3956D46DE8}") = "b3", "b3", "{BB932C0C-14D0-4F24-9875-E3D619B26774}"
EndProject
Project("{FAE04EC0-301F-11D3-BF4B-00C04F79EFBC}") = "PortTCP", "PortTCP\PortTCP.csproj", "{BF0E729B-E433-44F2-B71F-A04F934FF892}"
EndProject
Project("{FAE04EC0-301F-11D3-BF4B-00C04F79EFBC}") = "RemoteServer", "RemoteServer\RemoteServer.csproj", "{E4227CC5-F5E6-444C-8AC8-840C22C15C3B}"
EndProject
Project("{FAE04EC0-301F-11D3-BF4B-00C04F79EFBC}") = "RemoteClient", "RemoteClient\RemoteClient.csproj", "{D39E4F10-26DC-4BCA-B359-8A5672A3C350}"
EndProject
Global
	GlobalSection(SolutionConfigurationPlatforms) = preSolution
		Debug|Any CPU = Debug|Any CPU
		Release|Any CPU = Release|Any CPU
	EndGlobalSection
	GlobalSection(ProjectConfigurationPlatforms) = postSolution
		{7DA66E66-82AD-4D1E-B55B-1D7B084AA341}.Debug|Any CPU.ActiveCfg = Debug|Any CPU
		{7DA66E66-82AD-4D1E-B55B-1D7B084AA341}.Debug|Any CPU.Build.0 = Debug|Any CPU
		{7DA66E66-82AD-4D1E-B55B-1D7B084AA341}.Release|Any CPU.ActiveCfg = Release|Any CPU
		{7DA66E66-82AD-4D1E-B55B-1D7B084AA341}.Release|Any CPU.Build.0 = Release|Any CPU
		{B2002530-5EA7-49A5-8346-FC6AA0BC0EA3}.Debug|Any CPU.ActiveCfg = Debug|Any CPU
		{B2002530-5EA7-49A5-8346-FC6AA0BC0EA3}.Debug|Any CPU.Build.0 = Debug|Any CPU
		{B2002530-5EA7-49A5-8346-FC6AA0BC0EA3}.Release|Any CPU.ActiveCfg = Release|Any CPU
		{B2002530-5EA7-49A5-8346-FC6AA0BC0EA3}.Release|Any CPU.Build.0 = Release|Any CPU
		{E3F81ABF-871D-4E6B-9AB6-47014B125240}.Debug|Any CPU.ActiveCfg = Debug|Any CPU
		{E3F81ABF-871D-4E6B-9AB6-47014B125240}.Debug|Any CPU.Build.0 = Debug|Any CPU
		{E3F81ABF-871D-4E6B-9AB6-47014B125240}.Release|Any CPU.ActiveCfg = Release|Any CPU
		{E3F81ABF-871D-4E6B-9AB6-47014B125240}.Release|Any CPU.Build.0 = Release|Any CPU
		{F850E9C8-5904-479C-9E53-674D97E5F1A4}.Debug|Any CPU.ActiveCfg = Debug|Any CPU
		{F850E9C8-5904-479C-9E53-674D97E5F1A4}.Debug|Any CPU.Build.0 = Debug|Any CPU
		{F850E9C8-5904-479C-9E53-674D97E5F1A4}.Release|Any CPU.ActiveCfg = Release|Any CPU
		{F850E9C8-5904-479C-9E53-674D97E5F1A4}.Release|Any CPU.Build.0 = Release|Any CPU
		{BF0E729B-E433-44F2-B71F-A04F934FF892}.Debug|Any CPU.ActiveCfg = Debug|Any CPU
		{BF0E729B-E433-44F2-B71F-A04F934FF892}.Debug|Any CPU.Build.0 = Debug|Any CPU
		{BF0E729B-E433-44F2-B71F-A04F934FF892}.Release|Any CPU.ActiveCfg = Release|Any CPU
		{BF0E729B-E433-44F2-B71F-A04F934FF892}.Release|Any CPU.Build.0 = Release|Any CPU
		{E4227CC5-F5E6-444C-8AC8-840C22C15C3B}.Debug|Any CPU.ActiveCfg = Debug|Any CPU
		{E4227CC5-F5E6-444C-8AC8-840C22C15C3B}.Debug|Any CPU.Build.0 = Debug|Any CPU
		{E4227CC5-F5E6-444C-8AC8-840C22C15C3B}.Release|Any CPU.ActiveCfg = Release|Any CPU
		{E4227CC5-F5E6-444C-8AC8-840C22C15C3B}.Release|Any CPU.Build.0 = Release|Any CPU
		{D39E4F10-26DC-4BCA-B359-8A5672A3C350}.Debug|Any CPU.ActiveCfg = Debug|Any CPU
		{D39E4F10-26DC-4BCA-B359-8A5672A3C350}.Debug|Any CPU.Build.0 = Debug|Any CPU
		{D39E4F10-26DC-4BCA-B359-8A5672A3C350}.Release|Any CPU.ActiveCfg = Release|Any CPU
		{D39E4F10-26DC-4BCA-B359-8A5672A3C350}.Release|Any CPU.Build.0 = Release|Any CPU
	EndGlobalSection
	GlobalSection(SolutionProperties) = preSolution
		HideSolutionNode = FALSE
	EndGlobalSection
	GlobalSection(NestedProjects) = preSolution
		{7DA66E66-82AD-4D1E-B55B-1D7B084AA341} = {E0511944-2CAD-43FD-B381-8063B95500F1}
		{B2002530-5EA7-49A5-8346-FC6AA0BC0EA3} = {E0511944-2CAD-43FD-B381-8063B95500F1}
		{E3F81ABF-871D-4E6B-9AB6-47014B125240} = {5B9DAF67-B94B-47C2-880C-B5B0BE5CD653}
		{F850E9C8-5904-479C-9E53-674D97E5F1A4} = {5B9DAF67-B94B-47C2-880C-B5B0BE5CD653}
		{BF0E729B-E433-44F2-B71F-A04F934FF892} = {E0511944-2CAD-43FD-B381-8063B95500F1}
		{E4227CC5-F5E6-444C-8AC8-840C22C15C3B} = {BB932C0C-14D0-4F24-9875-E3D619B26774}
		{D39E4F10-26DC-4BCA-B359-8A5672A3C350} = {BB932C0C-14D0-4F24-9875-E3D619B26774}
	EndGlobalSection
	GlobalSection(ExtensibilityGlobals) = postSolution
		SolutionGuid = {9853C92C-456A-4109-A362-782439AE5F80}
	EndGlobalSection
EndGlobal
