
Microsoft Visual Studio Solution File, Format Version 12.00
# Visual Studio 15
VisualStudioVersion = 15.0.26228.9
MinimumVisualStudioVersion = 10.0.40219.1
Project("{FAE04EC0-301F-11D3-BF4B-00C04F79EFBC}") = "TCPSendFile", "TCPSendFile\TCPSendFile.csproj", "{89C68B26-64CC-413D-AC6B-15E592000F4A}"
EndProject
Project("{FAE04EC0-301F-11D3-BF4B-00C04F79EFBC}") = "TCPSendFileServer", "TCPSendFileServer\TCPSendFileServer.csproj", "{658ADB29-1CE1-4299-A0FA-B4AA4AFC1E36}"
EndProject
Project("{FAE04EC0-301F-11D3-BF4B-00C04F79EFBC}") = "TCPSenFileClient", "TCPSenFileClient\TCPSenFileClient.csproj", "{7A3B9F72-DE6D-48BB-97FB-5ADDBC032F99}"
EndProject
Global
	GlobalSection(SolutionConfigurationPlatforms) = preSolution
		Debug|Any CPU = Debug|Any CPU
		Release|Any CPU = Release|Any CPU
	EndGlobalSection
	GlobalSection(ProjectConfigurationPlatforms) = postSolution
		{89C68B26-64CC-413D-AC6B-15E592000F4A}.Debug|Any CPU.ActiveCfg = Debug|Any CPU
		{89C68B26-64CC-413D-AC6B-15E592000F4A}.Debug|Any CPU.Build.0 = Debug|Any CPU
		{89C68B26-64CC-413D-AC6B-15E592000F4A}.Release|Any CPU.ActiveCfg = Release|Any CPU
		{89C68B26-64CC-413D-AC6B-15E592000F4A}.Release|Any CPU.Build.0 = Release|Any CPU
		{658ADB29-1CE1-4299-A0FA-B4AA4AFC1E36}.Debug|Any CPU.ActiveCfg = Debug|Any CPU
		{658ADB29-1CE1-4299-A0FA-B4AA4AFC1E36}.Debug|Any CPU.Build.0 = Debug|Any CPU
		{658ADB29-1CE1-4299-A0FA-B4AA4AFC1E36}.Release|Any CPU.ActiveCfg = Release|Any CPU
		{658ADB29-1CE1-4299-A0FA-B4AA4AFC1E36}.Release|Any CPU.Build.0 = Release|Any CPU
		{7A3B9F72-DE6D-48BB-97FB-5ADDBC032F99}.Debug|Any CPU.ActiveCfg = Debug|Any CPU
		{7A3B9F72-DE6D-48BB-97FB-5ADDBC032F99}.Debug|Any CPU.Build.0 = Debug|Any CPU
		{7A3B9F72-DE6D-48BB-97FB-5ADDBC032F99}.Release|Any CPU.ActiveCfg = Release|Any CPU
		{7A3B9F72-DE6D-48BB-97FB-5ADDBC032F99}.Release|Any CPU.Build.0 = Release|Any CPU
	EndGlobalSection
	GlobalSection(SolutionProperties) = preSolution
		HideSolutionNode = FALSE
	EndGlobalSection
EndGlobal
